
Microsoft Visual Studio Solution File, Format Version 12.00
# Visual Studio Version 16
VisualStudioVersion = 16.0.29911.84
MinimumVisualStudioVersion = 10.0.40219.1
Project("{9A19103F-16F7-4668-BE54-9A1E7A4F7556}") = "SimpleAPI", "SimpleAPI\SimpleAPI.csproj", "{0E54D033-F619-4B67-9444-5805A85AF75A}"
EndProject
Project("{9A19103F-16F7-4668-BE54-9A1E7A4F7556}") = "SimpleAPI.TEST", "SimpleAPI.TEST\SimpleAPI.TEST.csproj", "{D6FF98D2-FE22-42D3-96FE-40BD32CA6924}"
EndProject
Project("{9A19103F-16F7-4668-BE54-9A1E7A4F7556}") = "SimpleAzureFunction", "SimpleAzureFunction\SimpleAzureFunction.csproj", "{2C0808CA-B641-4A7A-8A64-16BA31DEE426}"
EndProject
Project("{9A19103F-16F7-4668-BE54-9A1E7A4F7556}") = "AzureQueueLibrary", "AzureQueueLibrary\AzureQueueLibrary.csproj", "{6D0090AD-9572-46A4-ADA7-39824B95FBF6}"
EndProject
Global
	GlobalSection(SolutionConfigurationPlatforms) = preSolution
		Debug|Any CPU = Debug|Any CPU
		Release|Any CPU = Release|Any CPU
	EndGlobalSection
	GlobalSection(ProjectConfigurationPlatforms) = postSolution
		{0E54D033-F619-4B67-9444-5805A85AF75A}.Debug|Any CPU.ActiveCfg = Debug|Any CPU
		{0E54D033-F619-4B67-9444-5805A85AF75A}.Debug|Any CPU.Build.0 = Debug|Any CPU
		{0E54D033-F619-4B67-9444-5805A85AF75A}.Release|Any CPU.ActiveCfg = Release|Any CPU
		{0E54D033-F619-4B67-9444-5805A85AF75A}.Release|Any CPU.Build.0 = Release|Any CPU
		{D6FF98D2-FE22-42D3-96FE-40BD32CA6924}.Debug|Any CPU.ActiveCfg = Debug|Any CPU
		{D6FF98D2-FE22-42D3-96FE-40BD32CA6924}.Debug|Any CPU.Build.0 = Debug|Any CPU
		{D6FF98D2-FE22-42D3-96FE-40BD32CA6924}.Release|Any CPU.ActiveCfg = Release|Any CPU
		{D6FF98D2-FE22-42D3-96FE-40BD32CA6924}.Release|Any CPU.Build.0 = Release|Any CPU
		{2C0808CA-B641-4A7A-8A64-16BA31DEE426}.Debug|Any CPU.ActiveCfg = Debug|Any CPU
		{2C0808CA-B641-4A7A-8A64-16BA31DEE426}.Debug|Any CPU.Build.0 = Debug|Any CPU
		{2C0808CA-B641-4A7A-8A64-16BA31DEE426}.Release|Any CPU.ActiveCfg = Release|Any CPU
		{2C0808CA-B641-4A7A-8A64-16BA31DEE426}.Release|Any CPU.Build.0 = Release|Any CPU
		{6D0090AD-9572-46A4-ADA7-39824B95FBF6}.Debug|Any CPU.ActiveCfg = Debug|Any CPU
		{6D0090AD-9572-46A4-ADA7-39824B95FBF6}.Debug|Any CPU.Build.0 = Debug|Any CPU
		{6D0090AD-9572-46A4-ADA7-39824B95FBF6}.Release|Any CPU.ActiveCfg = Release|Any CPU
		{6D0090AD-9572-46A4-ADA7-39824B95FBF6}.Release|Any CPU.Build.0 = Release|Any CPU
	EndGlobalSection
	GlobalSection(SolutionProperties) = preSolution
		HideSolutionNode = FALSE
	EndGlobalSection
	GlobalSection(ExtensibilityGlobals) = postSolution
		SolutionGuid = {40F4EA8F-BF23-40C3-8EFA-2F27F41B7ABF}
	EndGlobalSection
EndGlobal
